// !$*UTF8*$!
{
	archiveVersion = 1;
	classes = {
	};
	objectVersion = 55;
	objects = {

/* Begin PBXBuildFile section */
		90F255C928CFB1F0005EDBA5 /* AppDelegate.swift in Sources */ = {isa = PBXBuildFile; fileRef = 90F255C828CFB1F0005EDBA5 /* AppDelegate.swift */; };
		90F255CB28CFB1F0005EDBA5 /* SceneDelegate.swift in Sources */ = {isa = PBXBuildFile; fileRef = 90F255CA28CFB1F0005EDBA5 /* SceneDelegate.swift */; };
		90F255CD28CFB1F0005EDBA5 /* ViewController.swift in Sources */ = {isa = PBXBuildFile; fileRef = 90F255CC28CFB1F0005EDBA5 /* ViewController.swift */; };
		90F255D028CFB1F0005EDBA5 /* Main.storyboard in Resources */ = {isa = PBXBuildFile; fileRef = 90F255CE28CFB1F0005EDBA5 /* Main.storyboard */; };
		90F255D228CFB1FD005EDBA5 /* Assets.xcassets in Resources */ = {isa = PBXBuildFile; fileRef = 90F255D128CFB1FD005EDBA5 /* Assets.xcassets */; };
		90F255D528CFB1FD005EDBA5 /* LaunchScreen.storyboard in Resources */ = {isa = PBXBuildFile; fileRef = 90F255D328CFB1FD005EDBA5 /* LaunchScreen.storyboard */; };
		90F255E228CFB290005EDBA5 /* MRMBannerAlert.swift in Sources */ = {isa = PBXBuildFile; fileRef = 90F255E128CFB290005EDBA5 /* MRMBannerAlert.swift */; };
/* End PBXBuildFile section */

/* Begin PBXFileReference section */
		90F255C528CFB1F0005EDBA5 /* MRMBannerAlert.app */ = {isa = PBXFileReference; explicitFileType = wrapper.application; includeInIndex = 0; path = MRMBannerAlert.app; sourceTree = BUILT_PRODUCTS_DIR; };
		90F255C828CFB1F0005EDBA5 /* AppDelegate.swift */ = {isa = PBXFileReference; lastKnownFileType = sourcecode.swift; path = AppDelegate.swift; sourceTree = "<group>"; };
		90F255CA28CFB1F0005EDBA5 /* SceneDelegate.swift */ = {isa = PBXFileReference; lastKnownFileType = sourcecode.swift; path = SceneDelegate.swift; sourceTree = "<group>"; };
		90F255CC28CFB1F0005EDBA5 /* ViewController.swift */ = {isa = PBXFileReference; lastKnownFileType = sourcecode.swift; path = ViewController.swift; sourceTree = "<group>"; };
		90F255CF28CFB1F0005EDBA5 /* Base */ = {isa = PBXFileReference; lastKnownFileType = file.storyboard; name = Base; path = Base.lproj/Main.storyboard; sourceTree = "<group>"; };
		90F255D128CFB1FD005EDBA5 /* Assets.xcassets */ = {isa = PBXFileReference; lastKnownFileType = folder.assetcatalog; path = Assets.xcassets; sourceTree = "<group>"; };
		90F255D428CFB1FD005EDBA5 /* Base */ = {isa = PBXFileReference; lastKnownFileType = file.storyboard; name = Base; path = Base.lproj/LaunchScreen.storyboard; sourceTree = "<group>"; };
		90F255D628CFB1FD005EDBA5 /* Info.plist */ = {isa = PBXFileReference; lastKnownFileType = text.plist.xml; path = Info.plist; sourceTree = "<group>"; };
		90F255E128CFB290005EDBA5 /* MRMBannerAlert.swift */ = {isa = PBXFileReference; lastKnownFileType = sourcecode.swift; path = MRMBannerAlert.swift; sourceTree = "<group>"; };
/* End PBXFileReference section */

/* Begin PBXFrameworksBuildPhase section */
		90F255C228CFB1F0005EDBA5 /* Frameworks */ = {
			isa = PBXFrameworksBuildPhase;
			buildActionMask = 2147483647;
			files = (
			);
			runOnlyForDeploymentPostprocessing = 0;
		};
/* End PBXFrameworksBuildPhase section */

/* Begin PBXGroup section */
		90F255BC28CFB1F0005EDBA5 = {
			isa = PBXGroup;
			children = (
				90F255C728CFB1F0005EDBA5 /* MRMBannerAlert */,
				90F255C628CFB1F0005EDBA5 /* Products */,
			);
			sourceTree = "<group>";
		};
		90F255C628CFB1F0005EDBA5 /* Products */ = {
			isa = PBXGroup;
			children = (
				90F255C528CFB1F0005EDBA5 /* MRMBannerAlert.app */,
			);
			name = Products;
			sourceTree = "<group>";
		};
		90F255C728CFB1F0005EDBA5 /* MRMBannerAlert */ = {
			isa = PBXGroup;
			children = (
				90F255DF28CFB24C005EDBA5 /* MRMBannerAlert */,
				90F255E028CFB27B005EDBA5 /* DemoApp */,
			);
			path = MRMBannerAlert;
			sourceTree = "<group>";
		};
		90F255DC28CFB214005EDBA5 /* Resources */ = {
			isa = PBXGroup;
			children = (
				90F255CE28CFB1F0005EDBA5 /* Main.storyboard */,
				90F255D128CFB1FD005EDBA5 /* Assets.xcassets */,
				90F255D328CFB1FD005EDBA5 /* LaunchScreen.storyboard */,
				90F255D628CFB1FD005EDBA5 /* Info.plist */,
			);
			path = Resources;
			sourceTree = "<group>";
		};
		90F255DD28CFB235005EDBA5 /* Classes */ = {
			isa = PBXGroup;
			children = (
				90F255C828CFB1F0005EDBA5 /* AppDelegate.swift */,
				90F255CA28CFB1F0005EDBA5 /* SceneDelegate.swift */,
				90F255DE28CFB242005EDBA5 /* Controllers */,
			);
			path = Classes;
			sourceTree = "<group>";
		};
		90F255DE28CFB242005EDBA5 /* Controllers */ = {
			isa = PBXGroup;
			children = (
				90F255CC28CFB1F0005EDBA5 /* ViewController.swift */,
			);
			path = Controllers;
			sourceTree = "<group>";
		};
		90F255DF28CFB24C005EDBA5 /* MRMBannerAlert */ = {
			isa = PBXGroup;
			children = (
				90F255E128CFB290005EDBA5 /* MRMBannerAlert.swift */,
			);
			path = MRMBannerAlert;
			sourceTree = "<group>";
		};
		90F255E028CFB27B005EDBA5 /* DemoApp */ = {
			isa = PBXGroup;
			children = (
				90F255DD28CFB235005EDBA5 /* Classes */,
				90F255DC28CFB214005EDBA5 /* Resources */,
			);
			path = DemoApp;
			sourceTree = "<group>";
		};
/* End PBXGroup section */

/* Begin PBXNativeTarget section */
		90F255C428CFB1F0005EDBA5 /* MRMBannerAlert */ = {
			isa = PBXNativeTarget;
			buildConfigurationList = 90F255D928CFB1FD005EDBA5 /* Build configuration list for PBXNativeTarget "MRMBannerAlert" */;
			buildPhases = (
				90F255C128CFB1F0005EDBA5 /* Sources */,
				90F255C228CFB1F0005EDBA5 /* Frameworks */,
				90F255C328CFB1F0005EDBA5 /* Resources */,
			);
			buildRules = (
			);
			dependencies = (
			);
			name = MRMBannerAlert;
			productName = MRMBannerAlert;
			productReference = 90F255C528CFB1F0005EDBA5 /* MRMBannerAlert.app */;
			productType = "com.apple.product-type.application";
		};
/* End PBXNativeTarget section */

/* Begin PBXProject section */
		90F255BD28CFB1F0005EDBA5 /* Project object */ = {
			isa = PBXProject;
			attributes = {
				BuildIndependentTargetsInParallel = 1;
				LastSwiftUpdateCheck = 1300;
				LastUpgradeCheck = 1300;
				TargetAttributes = {
					90F255C428CFB1F0005EDBA5 = {
						CreatedOnToolsVersion = 13.0;
					};
				};
			};
			buildConfigurationList = 90F255C028CFB1F0005EDBA5 /* Build configuration list for PBXProject "MRMBannerAlert" */;
			compatibilityVersion = "Xcode 13.0";
			developmentRegion = en;
			hasScannedForEncodings = 0;
			knownRegions = (
				en,
				Base,
			);
			mainGroup = 90F255BC28CFB1F0005EDBA5;
			productRefGroup = 90F255C628CFB1F0005EDBA5 /* Products */;
			projectDirPath = "";
			projectRoot = "";
			targets = (
				90F255C428CFB1F0005EDBA5 /* MRMBannerAlert */,
			);
		};
/* End PBXProject section */

/* Begin PBXResourcesBuildPhase section */
		90F255C328CFB1F0005EDBA5 /* Resources */ = {
			isa = PBXResourcesBuildPhase;
			buildActionMask = 2147483647;
			files = (
				90F255D528CFB1FD005EDBA5 /* LaunchScreen.storyboard in Resources */,
				90F255D228CFB1FD005EDBA5 /* Assets.xcassets in Resources */,
				90F255D028CFB1F0005EDBA5 /* Main.storyboard in Resources */,
			);
			runOnlyForDeploymentPostprocessing = 0;
		};
/* End PBXResourcesBuildPhase section */

/* Begin PBXSourcesBuildPhase section */
		90F255C128CFB1F0005EDBA5 /* Sources */ = {
			isa = PBXSourcesBuildPhase;
			buildActionMask = 2147483647;
			files = (
				90F255CD28CFB1F0005EDBA5 /* ViewController.swift in Sources */,
				90F255E228CFB290005EDBA5 /* MRMBannerAlert.swift in Sources */,
				90F255C928CFB1F0005EDBA5 /* AppDelegate.swift in Sources */,
				90F255CB28CFB1F0005EDBA5 /* SceneDelegate.swift in Sources */,
			);
			runOnlyForDeploymentPostprocessing = 0;
		};
/* End PBXSourcesBuildPhase section */

/* Begin PBXVariantGroup section */
		90F255CE28CFB1F0005EDBA5 /* Main.storyboard */ = {
			isa = PBXVariantGroup;
			children = (
				90F255CF28CFB1F0005EDBA5 /* Base */,
			);
			name = Main.storyboard;
			sourceTree = "<group>";
		};
		90F255D328CFB1FD005EDBA5 /* LaunchScreen.storyboard */ = {
			isa = PBXVariantGroup;
			children = (
				90F255D428CFB1FD005EDBA5 /* Base */,
			);
			name = LaunchScreen.storyboard;
			sourceTree = "<group>";
		};
/* End PBXVariantGroup section */

/* Begin XCBuildConfiguration section */
		90F255D728CFB1FD005EDBA5 /* Debug */ = {
			isa = XCBuildConfiguration;
			buildSettings = {
				ALWAYS_SEARCH_USER_PATHS = NO;
				CLANG_ANALYZER_NONNULL = YES;
				CLANG_ANALYZER_NUMBER_OBJECT_CONVERSION = YES_AGGRESSIVE;
				CLANG_CXX_LANGUAGE_STANDARD = "gnu++17";
				CLANG_CXX_LIBRARY = "libc++";
				CLANG_ENABLE_MODULES = YES;
				CLANG_ENABLE_OBJC_ARC = YES;
				CLANG_ENABLE_OBJC_WEAK = YES;
				CLANG_WARN_BLOCK_CAPTURE_AUTORELEASING = YES;
				CLANG_WARN_BOOL_CONVERSION = YES;
				CLANG_WARN_COMMA = YES;
				CLANG_WARN_CONSTANT_CONVERSION = YES;
				CLANG_WARN_DEPRECATED_OBJC_IMPLEMENTATIONS = YES;
				CLANG_WARN_DIRECT_OBJC_ISA_USAGE = YES_ERROR;
				CLANG_WARN_DOCUMENTATION_COMMENTS = YES;
				CLANG_WARN_EMPTY_BODY = YES;
				CLANG_WARN_ENUM_CONVERSION = YES;
				CLANG_WARN_INFINITE_RECURSION = YES;
				CLANG_WARN_INT_CONVERSION = YES;
				CLANG_WARN_NON_LITERAL_NULL_CONVERSION = YES;
				CLANG_WARN_OBJC_IMPLICIT_RETAIN_SELF = YES;
				CLANG_WARN_OBJC_LITERAL_CONVERSION = YES;
				CLANG_WARN_OBJC_ROOT_CLASS = YES_ERROR;
				CLANG_WARN_QUOTED_INCLUDE_IN_FRAMEWORK_HEADER = YES;
				CLANG_WARN_RANGE_LOOP_ANALYSIS = YES;
				CLANG_WARN_STRICT_PROTOTYPES = YES;
				CLANG_WARN_SUSPICIOUS_MOVE = YES;
				CLANG_WARN_UNGUARDED_AVAILABILITY = YES_AGGRESSIVE;
				CLANG_WARN_UNREACHABLE_CODE = YES;
				CLANG_WARN__DUPLICATE_METHOD_MATCH = YES;
				COPY_PHASE_STRIP = NO;
				DEBUG_INFORMATION_FORMAT = dwarf;
				ENABLE_STRICT_OBJC_MSGSEND = YES;
				ENABLE_TESTABILITY = YES;
				GCC_C_LANGUAGE_STANDARD = gnu11;
				GCC_DYNAMIC_NO_PIC = NO;
				GCC_NO_COMMON_BLOCKS = YES;
				GCC_OPTIMIZATION_LEVEL = 0;
				GCC_PREPROCESSOR_DEFINITIONS = (
					"DEBUG=1",
					"$(inherited)",
				);
				GCC_WARN_64_TO_32_BIT_CONVERSION = YES;
				GCC_WARN_ABOUT_RETURN_TYPE = YES_ERROR;
				GCC_WARN_UNDECLARED_SELECTOR = YES;
				GCC_WARN_UNINITIALIZED_AUTOS = YES_AGGRESSIVE;
				GCC_WARN_UNUSED_FUNCTION = YES;
				GCC_WARN_UNUSED_VARIABLE = YES;
				IPHONEOS_DEPLOYMENT_TARGET = 15.0;
				MTL_ENABLE_DEBUG_INFO = INCLUDE_SOURCE;
				MTL_FAST_MATH = YES;
				ONLY_ACTIVE_ARCH = YES;
				SDKROOT = iphoneos;
				SWIFT_ACTIVE_COMPILATION_CONDITIONS = DEBUG;
				SWIFT_OPTIMIZATION_LEVEL = "-Onone";
			};
			name = Debug;
		};
		90F255D828CFB1FD005EDBA5 /* Release */ = {
			isa = XCBuildConfiguration;
			buildSettings = {
				ALWAYS_SEARCH_USER_PATHS = NO;
				CLANG_ANALYZER_NONNULL = YES;
				CLANG_ANALYZER_NUMBER_OBJECT_CONVERSION = YES_AGGRESSIVE;
				CLANG_CXX_LANGUAGE_STANDARD = "gnu++17";
				CLANG_CXX_LIBRARY = "libc++";
				CLANG_ENABLE_MODULES = YES;
				CLANG_ENABLE_OBJC_ARC = YES;
				CLANG_ENABLE_OBJC_WEAK = YES;
				CLANG_WARN_BLOCK_CAPTURE_AUTORELEASING = YES;
				CLANG_WARN_BOOL_CONVERSION = YES;
				CLANG_WARN_COMMA = YES;
				CLANG_WARN_CONSTANT_CONVERSION = YES;
				CLANG_WARN_DEPRECATED_OBJC_IMPLEMENTATIONS = YES;
				CLANG_WARN_DIRECT_OBJC_ISA_USAGE = YES_ERROR;
				CLANG_WARN_DOCUMENTATION_COMMENTS = YES;
				CLANG_WARN_EMPTY_BODY = YES;
				CLANG_WARN_ENUM_CONVERSION = YES;
				CLANG_WARN_INFINITE_RECURSION = YES;
				CLANG_WARN_INT_CONVERSION = YES;
				CLANG_WARN_NON_LITERAL_NULL_CONVERSION = YES;
				CLANG_WARN_OBJC_IMPLICIT_RETAIN_SELF = YES;
				CLANG_WARN_OBJC_LITERAL_CONVERSION = YES;
				CLANG_WARN_OBJC_ROOT_CLASS = YES_ERROR;
				CLANG_WARN_QUOTED_INCLUDE_IN_FRAMEWORK_HEADER = YES;
				CLANG_WARN_RANGE_LOOP_ANALYSIS = YES;
				CLANG_WARN_STRICT_PROTOTYPES = YES;
				CLANG_WARN_SUSPICIOUS_MOVE = YES;
				CLANG_WARN_UNGUARDED_AVAILABILITY = YES_AGGRESSIVE;
				CLANG_WARN_UNREACHABLE_CODE = YES;
				CLANG_WARN__DUPLICATE_METHOD_MATCH = YES;
				COPY_PHASE_STRIP = NO;
				DEBUG_INFORMATION_FORMAT = "dwarf-with-dsym";
				ENABLE_NS_ASSERTIONS = NO;
				ENABLE_STRICT_OBJC_MSGSEND = YES;
				GCC_C_LANGUAGE_STANDARD = gnu11;
				GCC_NO_COMMON_BLOCKS = YES;
				GCC_WARN_64_TO_32_BIT_CONVERSION = YES;
				GCC_WARN_ABOUT_RETURN_TYPE = YES_ERROR;
				GCC_WARN_UNDECLARED_SELECTOR = YES;
				GCC_WARN_UNINITIALIZED_AUTOS = YES_AGGRESSIVE;
				GCC_WARN_UNUSED_FUNCTION = YES;
				GCC_WARN_UNUSED_VARIABLE = YES;
				IPHONEOS_DEPLOYMENT_TARGET = 15.0;
				MTL_ENABLE_DEBUG_INFO = NO;
				MTL_FAST_MATH = YES;
				SDKROOT = iphoneos;
				SWIFT_COMPILATION_MODE = wholemodule;
				SWIFT_OPTIMIZATION_LEVEL = "-O";
				VALIDATE_PRODUCT = YES;
			};
			name = Release;
		};
		90F255DA28CFB1FD005EDBA5 /* Debug */ = {
			isa = XCBuildConfiguration;
			buildSettings = {
				ASSETCATALOG_COMPILER_APPICON_NAME = AppIcon;
				ASSETCATALOG_COMPILER_GLOBAL_ACCENT_COLOR_NAME = AccentColor;
				CODE_SIGN_STYLE = Automatic;
				CURRENT_PROJECT_VERSION = 1;
				DEVELOPMENT_TEAM = 9ZJ57DZ3A4;
				GENERATE_INFOPLIST_FILE = YES;
				INFOPLIST_FILE = MRMBannerAlert/DemoApp/Resources/Info.plist;
				INFOPLIST_KEY_UIApplicationSupportsIndirectInputEvents = YES;
				INFOPLIST_KEY_UILaunchStoryboardName = LaunchScreen;
				INFOPLIST_KEY_UIMainStoryboardFile = Main;
				INFOPLIST_KEY_UISupportedInterfaceOrientations_iPad = "UIInterfaceOrientationPortrait UIInterfaceOrientationPortraitUpsideDown UIInterfaceOrientationLandscapeLeft UIInterfaceOrientationLandscapeRight";
				INFOPLIST_KEY_UISupportedInterfaceOrientations_iPhone = "UIInterfaceOrientationPortrait UIInterfaceOrientationLandscapeLeft UIInterfaceOrientationLandscapeRight";
				LD_RUNPATH_SEARCH_PATHS = (
					"$(inherited)",
					"@executable_path/Frameworks",
				);
				MARKETING_VERSION = 1.0;
				PRODUCT_BUNDLE_IDENTIFIER = ch.nibli.MRMBannerAlert;
				PRODUCT_NAME = "$(TARGET_NAME)";
				SWIFT_EMIT_LOC_STRINGS = YES;
				SWIFT_VERSION = 5.0;
				TARGETED_DEVICE_FAMILY = "1,2";
			};
			name = Debug;
		};
		90F255DB28CFB1FD005EDBA5 /* Release */ = {
			isa = XCBuildConfiguration;
			buildSettings = {
				ASSETCATALOG_COMPILER_APPICON_NAME = AppIcon;
				ASSETCATALOG_COMPILER_GLOBAL_ACCENT_COLOR_NAME = AccentColor;
				CODE_SIGN_STYLE = Automatic;
				CURRENT_PROJECT_VERSION = 1;
				DEVELOPMENT_TEAM = 9ZJ57DZ3A4;
				GENERATE_INFOPLIST_FILE = YES;
				INFOPLIST_FILE = MRMBannerAlert/DemoApp/Resources/Info.plist;
				INFOPLIST_KEY_UIApplicationSupportsIndirectInputEvents = YES;
				INFOPLIST_KEY_UILaunchStoryboardName = LaunchScreen;
				INFOPLIST_KEY_UIMainStoryboardFile = Main;
				INFOPLIST_KEY_UISupportedInterfaceOrientations_iPad = "UIInterfaceOrientationPortrait UIInterfaceOrientationPortraitUpsideDown UIInterfaceOrientationLandscapeLeft UIInterfaceOrientationLandscapeRight";
				INFOPLIST_KEY_UISupportedInterfaceOrientations_iPhone = "UIInterfaceOrientationPortrait UIInterfaceOrientationLandscapeLeft UIInterfaceOrientationLandscapeRight";
				LD_RUNPATH_SEARCH_PATHS = (
					"$(inherited)",
					"@executable_path/Frameworks",
				);
				MARKETING_VERSION = 1.0;
				PRODUCT_BUNDLE_IDENTIFIER = ch.nibli.MRMBannerAlert;
				PRODUCT_NAME = "$(TARGET_NAME)";
				SWIFT_EMIT_LOC_STRINGS = YES;
				SWIFT_VERSION = 5.0;
				TARGETED_DEVICE_FAMILY = "1,2";
			};
			name = Release;
		};
/* End XCBuildConfiguration section */

/* Begin XCConfigurationList section */
		90F255C028CFB1F0005EDBA5 /* Build configuration list for PBXProject "MRMBannerAlert" */ = {
			isa = XCConfigurationList;
			buildConfigurations = (
				90F255D728CFB1FD005EDBA5 /* Debug */,
				90F255D828CFB1FD005EDBA5 /* Release */,
			);
			defaultConfigurationIsVisible = 0;
			defaultConfigurationName = Release;
		};
		90F255D928CFB1FD005EDBA5 /* Build configuration list for PBXNativeTarget "MRMBannerAlert" */ = {
			isa = XCConfigurationList;
			buildConfigurations = (
				90F255DA28CFB1FD005EDBA5 /* Debug */,
				90F255DB28CFB1FD005EDBA5 /* Release */,
			);
			defaultConfigurationIsVisible = 0;
			defaultConfigurationName = Release;
		};
/* End XCConfigurationList section */
	};
	rootObject = 90F255BD28CFB1F0005EDBA5 /* Project object */;
}
